// !$*UTF8*$!
{
	archiveVersion = 1;
	classes = {
	};
	objectVersion = 50;
	objects = {

/* Begin PBXBuildFile section */
		8B10CFE722CC93E400D92300 /* CAScrollLayerViewController.m in Sources */ = {isa = PBXBuildFile; fileRef = 8B10CFE522CC93E400D92300 /* CAScrollLayerViewController.m */; };
		8B10CFE822CC93E400D92300 /* CAScrollLayerViewController.xib in Resources */ = {isa = PBXBuildFile; fileRef = 8B10CFE622CC93E400D92300 /* CAScrollLayerViewController.xib */; };
		8B10CFEB22CC940200D92300 /* CAScrollLayerView.m in Sources */ = {isa = PBXBuildFile; fileRef = 8B10CFEA22CC940200D92300 /* CAScrollLayerView.m */; };
		8B10CFEF22CC9BEA00D92300 /* CATiledLayerViewController.m in Sources */ = {isa = PBXBuildFile; fileRef = 8B10CFED22CC9BEA00D92300 /* CATiledLayerViewController.m */; };
		8B10CFF022CC9BEA00D92300 /* CATiledLayerViewController.xib in Resources */ = {isa = PBXBuildFile; fileRef = 8B10CFEE22CC9BEA00D92300 /* CATiledLayerViewController.xib */; };
		8B10CFF422CDDFB600D92300 /* CAEmitterLayerViewController.m in Sources */ = {isa = PBXBuildFile; fileRef = 8B10CFF222CDDFB600D92300 /* CAEmitterLayerViewController.m */; };
		8B10CFF522CDDFB600D92300 /* CAEmitterLayerViewController.xib in Resources */ = {isa = PBXBuildFile; fileRef = 8B10CFF322CDDFB600D92300 /* CAEmitterLayerViewController.xib */; };
		8B10CFFB22CDF1DB00D92300 /* AnimationViewController.m in Sources */ = {isa = PBXBuildFile; fileRef = 8B10CFF922CDF1DB00D92300 /* AnimationViewController.m */; };
		8B10CFFC22CDF1DB00D92300 /* AnimationViewController.xib in Resources */ = {isa = PBXBuildFile; fileRef = 8B10CFFA22CDF1DB00D92300 /* AnimationViewController.xib */; };
		8B801ED422C4ADC70072649D /* RootViewViewController.m in Sources */ = {isa = PBXBuildFile; fileRef = 8B801ED322C4ADC70072649D /* RootViewViewController.m */; };
		8B801EDA22C4B2430072649D /* LockViewController.m in Sources */ = {isa = PBXBuildFile; fileRef = 8B801ED822C4B2430072649D /* LockViewController.m */; };
		8B801EDB22C4B2430072649D /* LockViewController.xib in Resources */ = {isa = PBXBuildFile; fileRef = 8B801ED922C4B2430072649D /* LockViewController.xib */; };
		8B8020B822C4BCF50072649D /* HitTestViewController.m in Sources */ = {isa = PBXBuildFile; fileRef = 8B8020B622C4BCF50072649D /* HitTestViewController.m */; };
		8B8020B922C4BCF50072649D /* HitTestViewController.xib in Resources */ = {isa = PBXBuildFile; fileRef = 8B8020B722C4BCF50072649D /* HitTestViewController.xib */; };
		8B8020BE22C5A33D0072649D /* RadiusViewController.m in Sources */ = {isa = PBXBuildFile; fileRef = 8B8020BC22C5A33D0072649D /* RadiusViewController.m */; };
		8B8020BF22C5A33D0072649D /* RadiusViewController.xib in Resources */ = {isa = PBXBuildFile; fileRef = 8B8020BD22C5A33D0072649D /* RadiusViewController.xib */; };
		8B8020C322C5A5480072649D /* BorderViewController.m in Sources */ = {isa = PBXBuildFile; fileRef = 8B8020C122C5A5480072649D /* BorderViewController.m */; };
		8B8020C422C5A5480072649D /* BorderViewController.xib in Resources */ = {isa = PBXBuildFile; fileRef = 8B8020C222C5A5480072649D /* BorderViewController.xib */; };
		8B8020C822C5F46D0072649D /* MaskViewController.m in Sources */ = {isa = PBXBuildFile; fileRef = 8B8020C622C5F46D0072649D /* MaskViewController.m */; };
		8B8020C922C5F46D0072649D /* MaskViewController.xib in Resources */ = {isa = PBXBuildFile; fileRef = 8B8020C722C5F46D0072649D /* MaskViewController.xib */; };
		8B8020CD22C994200072649D /* FilterViewController.m in Sources */ = {isa = PBXBuildFile; fileRef = 8B8020CB22C994200072649D /* FilterViewController.m */; };
		8B8020CE22C994200072649D /* FilterViewController.xib in Resources */ = {isa = PBXBuildFile; fileRef = 8B8020CC22C994200072649D /* FilterViewController.xib */; };
		8B8020D222C99DEE0072649D /* OpacityViewController.m in Sources */ = {isa = PBXBuildFile; fileRef = 8B8020D022C99DEE0072649D /* OpacityViewController.m */; };
		8B8020D822C9E2610072649D /* TransformViewController.m in Sources */ = {isa = PBXBuildFile; fileRef = 8B8020D622C9E2610072649D /* TransformViewController.m */; };
		8B8020D922C9E2610072649D /* TransformViewController.xib in Resources */ = {isa = PBXBuildFile; fileRef = 8B8020D722C9E2610072649D /* TransformViewController.xib */; };
		8B8020DD22C9EB8D0072649D /* Transform3DViewController.m in Sources */ = {isa = PBXBuildFile; fileRef = 8B8020DB22C9EB8D0072649D /* Transform3DViewController.m */; };
		8B8020DE22C9EB8D0072649D /* Transform3DViewController.xib in Resources */ = {isa = PBXBuildFile; fileRef = 8B8020DC22C9EB8D0072649D /* Transform3DViewController.xib */; };
		8B8020E222C9F5600072649D /* TransformFacesViewController.m in Sources */ = {isa = PBXBuildFile; fileRef = 8B8020E022C9F5600072649D /* TransformFacesViewController.m */; };
		8B8020E322C9F5600072649D /* TransformFacesViewController.xib in Resources */ = {isa = PBXBuildFile; fileRef = 8B8020E122C9F5600072649D /* TransformFacesViewController.xib */; };
		8B8020E822CA041B0072649D /* CAShapeLayerViewController.m in Sources */ = {isa = PBXBuildFile; fileRef = 8B8020E622CA041B0072649D /* CAShapeLayerViewController.m */; };
		8B8020E922CA041B0072649D /* CAShapeLayerViewController.xib in Resources */ = {isa = PBXBuildFile; fileRef = 8B8020E722CA041B0072649D /* CAShapeLayerViewController.xib */; };
		8B8020ED22CAE9EF0072649D /* CATextLayerViewController.m in Sources */ = {isa = PBXBuildFile; fileRef = 8B8020EB22CAE9EF0072649D /* CATextLayerViewController.m */; };
		8B8020EE22CAE9EF0072649D /* CATextLayerViewController.xib in Resources */ = {isa = PBXBuildFile; fileRef = 8B8020EC22CAE9EF0072649D /* CATextLayerViewController.xib */; };
		8B8020F222CB06520072649D /* CATransformLayerViewController.m in Sources */ = {isa = PBXBuildFile; fileRef = 8B8020F022CB06520072649D /* CATransformLayerViewController.m */; };
		8B8020F322CB06520072649D /* CATransformLayerViewController.xib in Resources */ = {isa = PBXBuildFile; fileRef = 8B8020F122CB06520072649D /* CATransformLayerViewController.xib */; };
		8B8020F722CB49030072649D /* CAGradientLayerViewController.m in Sources */ = {isa = PBXBuildFile; fileRef = 8B8020F522CB49020072649D /* CAGradientLayerViewController.m */; };
		8B8020F822CB49030072649D /* CAGradientLayerViewController.xib in Resources */ = {isa = PBXBuildFile; fileRef = 8B8020F622CB49020072649D /* CAGradientLayerViewController.xib */; };
		8B8020FC22CB52ED0072649D /* CAReplicatorLayerViewController.m in Sources */ = {isa = PBXBuildFile; fileRef = 8B8020FA22CB52EC0072649D /* CAReplicatorLayerViewController.m */; };
		8B8020FD22CB52ED0072649D /* CAReplicatorLayerViewController.xib in Resources */ = {isa = PBXBuildFile; fileRef = 8B8020FB22CB52EC0072649D /* CAReplicatorLayerViewController.xib */; };
		8B80210022CB58E80072649D /* CAReplicatorLayerView.m in Sources */ = {isa = PBXBuildFile; fileRef = 8B8020FF22CB58E80072649D /* CAReplicatorLayerView.m */; };
		8B8F7DC4215F67A600628A9B /* AppDelegate.m in Sources */ = {isa = PBXBuildFile; fileRef = 8B8F7DC3215F67A600628A9B /* AppDelegate.m */; };
		8B8F7DC7215F67A600628A9B /* ViewController.m in Sources */ = {isa = PBXBuildFile; fileRef = 8B8F7DC6215F67A600628A9B /* ViewController.m */; };
		8B8F7DCA215F67A600628A9B /* Main.storyboard in Resources */ = {isa = PBXBuildFile; fileRef = 8B8F7DC8215F67A600628A9B /* Main.storyboard */; };
		8B8F7DCC215F67A600628A9B /* Assets.xcassets in Resources */ = {isa = PBXBuildFile; fileRef = 8B8F7DCB215F67A600628A9B /* Assets.xcassets */; };
		8B8F7DCF215F67A600628A9B /* LaunchScreen.storyboard in Resources */ = {isa = PBXBuildFile; fileRef = 8B8F7DCD215F67A600628A9B /* LaunchScreen.storyboard */; };
		8B8F7DD2215F67A600628A9B /* main.m in Sources */ = {isa = PBXBuildFile; fileRef = 8B8F7DD1215F67A600628A9B /* main.m */; };
		8B8F7DDA215F67EE00628A9B /* QuartzCore.framework in Frameworks */ = {isa = PBXBuildFile; fileRef = 8B8F7DD9215F67EE00628A9B /* QuartzCore.framework */; };
		8BA8BD4E22D331BA0033F2E1 /* PropertyViewController.m in Sources */ = {isa = PBXBuildFile; fileRef = 8BA8BD4C22D331BA0033F2E1 /* PropertyViewController.m */; };
		8BA8BD4F22D331BA0033F2E1 /* PropertyViewController.xib in Resources */ = {isa = PBXBuildFile; fileRef = 8BA8BD4D22D331BA0033F2E1 /* PropertyViewController.xib */; };
		8BA8BD5322D33C4F0033F2E1 /* CAKeyframeAnimationViewController.m in Sources */ = {isa = PBXBuildFile; fileRef = 8BA8BD5122D33C4F0033F2E1 /* CAKeyframeAnimationViewController.m */; };
		8BA8BD5422D33C4F0033F2E1 /* CAKeyframeAnimationViewController.xib in Resources */ = {isa = PBXBuildFile; fileRef = 8BA8BD5222D33C4F0033F2E1 /* CAKeyframeAnimationViewController.xib */; };
		8BA8BD5822D41F540033F2E1 /* Transform_RotationViewController.m in Sources */ = {isa = PBXBuildFile; fileRef = 8BA8BD5622D41F540033F2E1 /* Transform_RotationViewController.m */; };
		8BA8BD5922D41F540033F2E1 /* Transform_RotationViewController.xib in Resources */ = {isa = PBXBuildFile; fileRef = 8BA8BD5722D41F540033F2E1 /* Transform_RotationViewController.xib */; };
		8BA8BD5D22D428850033F2E1 /* GroupViewController.m in Sources */ = {isa = PBXBuildFile; fileRef = 8BA8BD5B22D428850033F2E1 /* GroupViewController.m */; };
		8BA8BD5E22D428850033F2E1 /* GroupViewController.xib in Resources */ = {isa = PBXBuildFile; fileRef = 8BA8BD5C22D428850033F2E1 /* GroupViewController.xib */; };
		8BBBCCA622D2ECD50071AB85 /* LayerActionViewController.m in Sources */ = {isa = PBXBuildFile; fileRef = 8BBBCCA422D2ECD50071AB85 /* LayerActionViewController.m */; };
		8BBBCCA722D2ECD50071AB85 /* LayerActionViewController.xib in Resources */ = {isa = PBXBuildFile; fileRef = 8BBBCCA522D2ECD50071AB85 /* LayerActionViewController.xib */; };
/* End PBXBuildFile section */

/* Begin PBXFileReference section */
		8B10CFE422CC93E400D92300 /* CAScrollLayerViewController.h */ = {isa = PBXFileReference; lastKnownFileType = sourcecode.c.h; path = CAScrollLayerViewController.h; sourceTree = "<group>"; };
		8B10CFE522CC93E400D92300 /* CAScrollLayerViewController.m */ = {isa = PBXFileReference; lastKnownFileType = sourcecode.c.objc; path = CAScrollLayerViewController.m; sourceTree = "<group>"; };
		8B10CFE622CC93E400D92300 /* CAScrollLayerViewController.xib */ = {isa = PBXFileReference; lastKnownFileType = file.xib; path = CAScrollLayerViewController.xib; sourceTree = "<group>"; };
		8B10CFE922CC940200D92300 /* CAScrollLayerView.h */ = {isa = PBXFileReference; lastKnownFileType = sourcecode.c.h; path = CAScrollLayerView.h; sourceTree = "<group>"; };
		8B10CFEA22CC940200D92300 /* CAScrollLayerView.m */ = {isa = PBXFileReference; lastKnownFileType = sourcecode.c.objc; path = CAScrollLayerView.m; sourceTree = "<group>"; };
		8B10CFEC22CC9BEA00D92300 /* CATiledLayerViewController.h */ = {isa = PBXFileReference; lastKnownFileType = sourcecode.c.h; path = CATiledLayerViewController.h; sourceTree = "<group>"; };
		8B10CFED22CC9BEA00D92300 /* CATiledLayerViewController.m */ = {isa = PBXFileReference; lastKnownFileType = sourcecode.c.objc; path = CATiledLayerViewController.m; sourceTree = "<group>"; };
		8B10CFEE22CC9BEA00D92300 /* CATiledLayerViewController.xib */ = {isa = PBXFileReference; lastKnownFileType = file.xib; path = CATiledLayerViewController.xib; sourceTree = "<group>"; };
		8B10CFF122CDDFB600D92300 /* CAEmitterLayerViewController.h */ = {isa = PBXFileReference; lastKnownFileType = sourcecode.c.h; path = CAEmitterLayerViewController.h; sourceTree = "<group>"; };
		8B10CFF222CDDFB600D92300 /* CAEmitterLayerViewController.m */ = {isa = PBXFileReference; lastKnownFileType = sourcecode.c.objc; path = CAEmitterLayerViewController.m; sourceTree = "<group>"; };
		8B10CFF322CDDFB600D92300 /* CAEmitterLayerViewController.xib */ = {isa = PBXFileReference; lastKnownFileType = file.xib; path = CAEmitterLayerViewController.xib; sourceTree = "<group>"; };
		8B10CFF822CDF1DB00D92300 /* AnimationViewController.h */ = {isa = PBXFileReference; lastKnownFileType = sourcecode.c.h; path = AnimationViewController.h; sourceTree = "<group>"; };
		8B10CFF922CDF1DB00D92300 /* AnimationViewController.m */ = {isa = PBXFileReference; lastKnownFileType = sourcecode.c.objc; path = AnimationViewController.m; sourceTree = "<group>"; };
		8B10CFFA22CDF1DB00D92300 /* AnimationViewController.xib */ = {isa = PBXFileReference; lastKnownFileType = file.xib; path = AnimationViewController.xib; sourceTree = "<group>"; };
		8B801ED222C4ADC70072649D /* RootViewViewController.h */ = {isa = PBXFileReference; lastKnownFileType = sourcecode.c.h; path = RootViewViewController.h; sourceTree = "<group>"; };
		8B801ED322C4ADC70072649D /* RootViewViewController.m */ = {isa = PBXFileReference; lastKnownFileType = sourcecode.c.objc; path = RootViewViewController.m; sourceTree = "<group>"; };
		8B801ED722C4B2430072649D /* LockViewController.h */ = {isa = PBXFileReference; lastKnownFileType = sourcecode.c.h; path = LockViewController.h; sourceTree = "<group>"; };
		8B801ED822C4B2430072649D /* LockViewController.m */ = {isa = PBXFileReference; lastKnownFileType = sourcecode.c.objc; path = LockViewController.m; sourceTree = "<group>"; };
		8B801ED922C4B2430072649D /* LockViewController.xib */ = {isa = PBXFileReference; lastKnownFileType = file.xib; path = LockViewController.xib; sourceTree = "<group>"; };
		8B8020B522C4BCF50072649D /* HitTestViewController.h */ = {isa = PBXFileReference; lastKnownFileType = sourcecode.c.h; path = HitTestViewController.h; sourceTree = "<group>"; };
		8B8020B622C4BCF50072649D /* HitTestViewController.m */ = {isa = PBXFileReference; lastKnownFileType = sourcecode.c.objc; path = HitTestViewController.m; sourceTree = "<group>"; };
		8B8020B722C4BCF50072649D /* HitTestViewController.xib */ = {isa = PBXFileReference; lastKnownFileType = file.xib; path = HitTestViewController.xib; sourceTree = "<group>"; };
		8B8020BB22C5A33D0072649D /* RadiusViewController.h */ = {isa = PBXFileReference; lastKnownFileType = sourcecode.c.h; path = RadiusViewController.h; sourceTree = "<group>"; };
		8B8020BC22C5A33D0072649D /* RadiusViewController.m */ = {isa = PBXFileReference; lastKnownFileType = sourcecode.c.objc; path = RadiusViewController.m; sourceTree = "<group>"; };
		8B8020BD22C5A33D0072649D /* RadiusViewController.xib */ = {isa = PBXFileReference; lastKnownFileType = file.xib; path = RadiusViewController.xib; sourceTree = "<group>"; };
		8B8020C022C5A5480072649D /* BorderViewController.h */ = {isa = PBXFileReference; lastKnownFileType = sourcecode.c.h; path = BorderViewController.h; sourceTree = "<group>"; };
		8B8020C122C5A5480072649D /* BorderViewController.m */ = {isa = PBXFileReference; lastKnownFileType = sourcecode.c.objc; path = BorderViewController.m; sourceTree = "<group>"; };
		8B8020C222C5A5480072649D /* BorderViewController.xib */ = {isa = PBXFileReference; lastKnownFileType = file.xib; path = BorderViewController.xib; sourceTree = "<group>"; };
		8B8020C522C5F46C0072649D /* MaskViewController.h */ = {isa = PBXFileReference; lastKnownFileType = sourcecode.c.h; path = MaskViewController.h; sourceTree = "<group>"; };
		8B8020C622C5F46D0072649D /* MaskViewController.m */ = {isa = PBXFileReference; lastKnownFileType = sourcecode.c.objc; path = MaskViewController.m; sourceTree = "<group>"; };
		8B8020C722C5F46D0072649D /* MaskViewController.xib */ = {isa = PBXFileReference; lastKnownFileType = file.xib; path = MaskViewController.xib; sourceTree = "<group>"; };
		8B8020CA22C994200072649D /* FilterViewController.h */ = {isa = PBXFileReference; lastKnownFileType = sourcecode.c.h; path = FilterViewController.h; sourceTree = "<group>"; };
		8B8020CB22C994200072649D /* FilterViewController.m */ = {isa = PBXFileReference; lastKnownFileType = sourcecode.c.objc; path = FilterViewController.m; sourceTree = "<group>"; };
		8B8020CC22C994200072649D /* FilterViewController.xib */ = {isa = PBXFileReference; lastKnownFileType = file.xib; path = FilterViewController.xib; sourceTree = "<group>"; };
		8B8020CF22C99DEE0072649D /* OpacityViewController.h */ = {isa = PBXFileReference; lastKnownFileType = sourcecode.c.h; path = OpacityViewController.h; sourceTree = "<group>"; };
		8B8020D022C99DEE0072649D /* OpacityViewController.m */ = {isa = PBXFileReference; lastKnownFileType = sourcecode.c.objc; path = OpacityViewController.m; sourceTree = "<group>"; };
		8B8020D522C9E2610072649D /* TransformViewController.h */ = {isa = PBXFileReference; lastKnownFileType = sourcecode.c.h; path = TransformViewController.h; sourceTree = "<group>"; };
		8B8020D622C9E2610072649D /* TransformViewController.m */ = {isa = PBXFileReference; lastKnownFileType = sourcecode.c.objc; path = TransformViewController.m; sourceTree = "<group>"; };
		8B8020D722C9E2610072649D /* TransformViewController.xib */ = {isa = PBXFileReference; lastKnownFileType = file.xib; path = TransformViewController.xib; sourceTree = "<group>"; };
		8B8020DA22C9EB8D0072649D /* Transform3DViewController.h */ = {isa = PBXFileReference; lastKnownFileType = sourcecode.c.h; path = Transform3DViewController.h; sourceTree = "<group>"; };
		8B8020DB22C9EB8D0072649D /* Transform3DViewController.m */ = {isa = PBXFileReference; lastKnownFileType = sourcecode.c.objc; path = Transform3DViewController.m; sourceTree = "<group>"; };
		8B8020DC22C9EB8D0072649D /* Transform3DViewController.xib */ = {isa = PBXFileReference; lastKnownFileType = file.xib; path = Transform3DViewController.xib; sourceTree = "<group>"; };
		8B8020DF22C9F5600072649D /* TransformFacesViewController.h */ = {isa = PBXFileReference; lastKnownFileType = sourcecode.c.h; path = TransformFacesViewController.h; sourceTree = "<group>"; };
		8B8020E022C9F5600072649D /* TransformFacesViewController.m */ = {isa = PBXFileReference; lastKnownFileType = sourcecode.c.objc; path = TransformFacesViewController.m; sourceTree = "<group>"; };
		8B8020E122C9F5600072649D /* TransformFacesViewController.xib */ = {isa = PBXFileReference; lastKnownFileType = file.xib; path = TransformFacesViewController.xib; sourceTree = "<group>"; };
		8B8020E522CA041B0072649D /* CAShapeLayerViewController.h */ = {isa = PBXFileReference; lastKnownFileType = sourcecode.c.h; path = CAShapeLayerViewController.h; sourceTree = "<group>"; };
		8B8020E622CA041B0072649D /* CAShapeLayerViewController.m */ = {isa = PBXFileReference; lastKnownFileType = sourcecode.c.objc; path = CAShapeLayerViewController.m; sourceTree = "<group>"; };
		8B8020E722CA041B0072649D /* CAShapeLayerViewController.xib */ = {isa = PBXFileReference; lastKnownFileType = file.xib; path = CAShapeLayerViewController.xib; sourceTree = "<group>"; };
		8B8020EA22CAE9EF0072649D /* CATextLayerViewController.h */ = {isa = PBXFileReference; lastKnownFileType = sourcecode.c.h; path = CATextLayerViewController.h; sourceTree = "<group>"; };
		8B8020EB22CAE9EF0072649D /* CATextLayerViewController.m */ = {isa = PBXFileReference; lastKnownFileType = sourcecode.c.objc; path = CATextLayerViewController.m; sourceTree = "<group>"; };
		8B8020EC22CAE9EF0072649D /* CATextLayerViewController.xib */ = {isa = PBXFileReference; lastKnownFileType = file.xib; path = CATextLayerViewController.xib; sourceTree = "<group>"; };
		8B8020EF22CB06520072649D /* CATransformLayerViewController.h */ = {isa = PBXFileReference; lastKnownFileType = sourcecode.c.h; path = CATransformLayerViewController.h; sourceTree = "<group>"; };
		8B8020F022CB06520072649D /* CATransformLayerViewController.m */ = {isa = PBXFileReference; lastKnownFileType = sourcecode.c.objc; path = CATransformLayerViewController.m; sourceTree = "<group>"; };
		8B8020F122CB06520072649D /* CATransformLayerViewController.xib */ = {isa = PBXFileReference; lastKnownFileType = file.xib; path = CATransformLayerViewController.xib; sourceTree = "<group>"; };
		8B8020F422CB49020072649D /* CAGradientLayerViewController.h */ = {isa = PBXFileReference; lastKnownFileType = sourcecode.c.h; path = CAGradientLayerViewController.h; sourceTree = "<group>"; };
		8B8020F522CB49020072649D /* CAGradientLayerViewController.m */ = {isa = PBXFileReference; lastKnownFileType = sourcecode.c.objc; path = CAGradientLayerViewController.m; sourceTree = "<group>"; };
		8B8020F622CB49020072649D /* CAGradientLayerViewController.xib */ = {isa = PBXFileReference; lastKnownFileType = file.xib; path = CAGradientLayerViewController.xib; sourceTree = "<group>"; };
		8B8020F922CB52EC0072649D /* CAReplicatorLayerViewController.h */ = {isa = PBXFileReference; lastKnownFileType = sourcecode.c.h; path = CAReplicatorLayerViewController.h; sourceTree = "<group>"; };
		8B8020FA22CB52EC0072649D /* CAReplicatorLayerViewController.m */ = {isa = PBXFileReference; lastKnownFileType = sourcecode.c.objc; path = CAReplicatorLayerViewController.m; sourceTree = "<group>"; };
		8B8020FB22CB52EC0072649D /* CAReplicatorLayerViewController.xib */ = {isa = PBXFileReference; lastKnownFileType = file.xib; path = CAReplicatorLayerViewController.xib; sourceTree = "<group>"; };
		8B8020FE22CB58E80072649D /* CAReplicatorLayerView.h */ = {isa = PBXFileReference; lastKnownFileType = sourcecode.c.h; path = CAReplicatorLayerView.h; sourceTree = "<group>"; };
		8B8020FF22CB58E80072649D /* CAReplicatorLayerView.m */ = {isa = PBXFileReference; lastKnownFileType = sourcecode.c.objc; path = CAReplicatorLayerView.m; sourceTree = "<group>"; };
		8B8F7DBF215F67A600628A9B /* LearnCoreAnimation.app */ = {isa = PBXFileReference; explicitFileType = wrapper.application; includeInIndex = 0; path = LearnCoreAnimation.app; sourceTree = BUILT_PRODUCTS_DIR; };
		8B8F7DC2215F67A600628A9B /* AppDelegate.h */ = {isa = PBXFileReference; lastKnownFileType = sourcecode.c.h; path = AppDelegate.h; sourceTree = "<group>"; };
		8B8F7DC3215F67A600628A9B /* AppDelegate.m */ = {isa = PBXFileReference; lastKnownFileType = sourcecode.c.objc; path = AppDelegate.m; sourceTree = "<group>"; };
		8B8F7DC5215F67A600628A9B /* ViewController.h */ = {isa = PBXFileReference; lastKnownFileType = sourcecode.c.h; path = ViewController.h; sourceTree = "<group>"; };
		8B8F7DC6215F67A600628A9B /* ViewController.m */ = {isa = PBXFileReference; lastKnownFileType = sourcecode.c.objc; path = ViewController.m; sourceTree = "<group>"; };
		8B8F7DC9215F67A600628A9B /* Base */ = {isa = PBXFileReference; lastKnownFileType = file.storyboard; name = Base; path = Base.lproj/Main.storyboard; sourceTree = "<group>"; };
		8B8F7DCB215F67A600628A9B /* Assets.xcassets */ = {isa = PBXFileReference; lastKnownFileType = folder.assetcatalog; path = Assets.xcassets; sourceTree = "<group>"; };
		8B8F7DCE215F67A600628A9B /* Base */ = {isa = PBXFileReference; lastKnownFileType = file.storyboard; name = Base; path = Base.lproj/LaunchScreen.storyboard; sourceTree = "<group>"; };
		8B8F7DD0215F67A600628A9B /* Info.plist */ = {isa = PBXFileReference; lastKnownFileType = text.plist.xml; path = Info.plist; sourceTree = "<group>"; };
		8B8F7DD1215F67A600628A9B /* main.m */ = {isa = PBXFileReference; lastKnownFileType = sourcecode.c.objc; path = main.m; sourceTree = "<group>"; };
		8B8F7DD9215F67EE00628A9B /* QuartzCore.framework */ = {isa = PBXFileReference; lastKnownFileType = wrapper.framework; name = QuartzCore.framework; path = System/Library/Frameworks/QuartzCore.framework; sourceTree = SDKROOT; };
		8BA8BD4B22D331BA0033F2E1 /* PropertyViewController.h */ = {isa = PBXFileReference; lastKnownFileType = sourcecode.c.h; path = PropertyViewController.h; sourceTree = "<group>"; };
		8BA8BD4C22D331BA0033F2E1 /* PropertyViewController.m */ = {isa = PBXFileReference; lastKnownFileType = sourcecode.c.objc; path = PropertyViewController.m; sourceTree = "<group>"; };
		8BA8BD4D22D331BA0033F2E1 /* PropertyViewController.xib */ = {isa = PBXFileReference; lastKnownFileType = file.xib; path = PropertyViewController.xib; sourceTree = "<group>"; };
		8BA8BD5022D33C4F0033F2E1 /* CAKeyframeAnimationViewController.h */ = {isa = PBXFileReference; lastKnownFileType = sourcecode.c.h; path = CAKeyframeAnimationViewController.h; sourceTree = "<group>"; };
		8BA8BD5122D33C4F0033F2E1 /* CAKeyframeAnimationViewController.m */ = {isa = PBXFileReference; lastKnownFileType = sourcecode.c.objc; path = CAKeyframeAnimationViewController.m; sourceTree = "<group>"; };
		8BA8BD5222D33C4F0033F2E1 /* CAKeyframeAnimationViewController.xib */ = {isa = PBXFileReference; lastKnownFileType = file.xib; path = CAKeyframeAnimationViewController.xib; sourceTree = "<group>"; };
		8BA8BD5522D41F540033F2E1 /* Transform_RotationViewController.h */ = {isa = PBXFileReference; lastKnownFileType = sourcecode.c.h; path = Transform_RotationViewController.h; sourceTree = "<group>"; };
		8BA8BD5622D41F540033F2E1 /* Transform_RotationViewController.m */ = {isa = PBXFileReference; lastKnownFileType = sourcecode.c.objc; path = Transform_RotationViewController.m; sourceTree = "<group>"; };
		8BA8BD5722D41F540033F2E1 /* Transform_RotationViewController.xib */ = {isa = PBXFileReference; lastKnownFileType = file.xib; path = Transform_RotationViewController.xib; sourceTree = "<group>"; };
		8BA8BD5A22D428850033F2E1 /* GroupViewController.h */ = {isa = PBXFileReference; lastKnownFileType = sourcecode.c.h; path = GroupViewController.h; sourceTree = "<group>"; };
		8BA8BD5B22D428850033F2E1 /* GroupViewController.m */ = {isa = PBXFileReference; lastKnownFileType = sourcecode.c.objc; path = GroupViewController.m; sourceTree = "<group>"; };
		8BA8BD5C22D428850033F2E1 /* GroupViewController.xib */ = {isa = PBXFileReference; lastKnownFileType = file.xib; path = GroupViewController.xib; sourceTree = "<group>"; };
		8BBBCCA322D2ECD50071AB85 /* LayerActionViewController.h */ = {isa = PBXFileReference; lastKnownFileType = sourcecode.c.h; path = LayerActionViewController.h; sourceTree = "<group>"; };
		8BBBCCA422D2ECD50071AB85 /* LayerActionViewController.m */ = {isa = PBXFileReference; lastKnownFileType = sourcecode.c.objc; path = LayerActionViewController.m; sourceTree = "<group>"; };
		8BBBCCA522D2ECD50071AB85 /* LayerActionViewController.xib */ = {isa = PBXFileReference; lastKnownFileType = file.xib; path = LayerActionViewController.xib; sourceTree = "<group>"; };
/* End PBXFileReference section */

/* Begin PBXFrameworksBuildPhase section */
		8B8F7DBC215F67A600628A9B /* Frameworks */ = {
			isa = PBXFrameworksBuildPhase;
			buildActionMask = 2147483647;
			files = (
				8B8F7DDA215F67EE00628A9B /* QuartzCore.framework in Frameworks */,
			);
			runOnlyForDeploymentPostprocessing = 0;
		};
/* End PBXFrameworksBuildPhase section */

/* Begin PBXGroup section */
		8B10CFF722CDF05800D92300 /* 隐式动画 */ = {
			isa = PBXGroup;
			children = (
				8B10CFF822CDF1DB00D92300 /* AnimationViewController.h */,
				8B10CFF922CDF1DB00D92300 /* AnimationViewController.m */,
				8B10CFFA22CDF1DB00D92300 /* AnimationViewController.xib */,
				8BBBCCA322D2ECD50071AB85 /* LayerActionViewController.h */,
				8BBBCCA422D2ECD50071AB85 /* LayerActionViewController.m */,
				8BBBCCA522D2ECD50071AB85 /* LayerActionViewController.xib */,
			);
			path = "隐式动画";
			sourceTree = "<group>";
		};
		8B801ED522C4AFC70072649D /* 寄宿图 */ = {
			isa = PBXGroup;
			children = (
				8B8F7DC5215F67A600628A9B /* ViewController.h */,
				8B8F7DC6215F67A600628A9B /* ViewController.m */,
			);
			path = "寄宿图";
			sourceTree = "<group>";
		};
		8B801ED622C4B2230072649D /* 图层几何学 */ = {
			isa = PBXGroup;
			children = (
				8B801ED722C4B2430072649D /* LockViewController.h */,
				8B801ED822C4B2430072649D /* LockViewController.m */,
				8B801ED922C4B2430072649D /* LockViewController.xib */,
				8B8020B522C4BCF50072649D /* HitTestViewController.h */,
				8B8020B622C4BCF50072649D /* HitTestViewController.m */,
				8B8020B722C4BCF50072649D /* HitTestViewController.xib */,
			);
			path = "图层几何学";
			sourceTree = "<group>";
		};
		8B8020BA22C599B90072649D /* 视觉效果 */ = {
			isa = PBXGroup;
			children = (
				8B8020BB22C5A33D0072649D /* RadiusViewController.h */,
				8B8020BC22C5A33D0072649D /* RadiusViewController.m */,
				8B8020BD22C5A33D0072649D /* RadiusViewController.xib */,
				8B8020C022C5A5480072649D /* BorderViewController.h */,
				8B8020C122C5A5480072649D /* BorderViewController.m */,
				8B8020C222C5A5480072649D /* BorderViewController.xib */,
				8B8020C522C5F46C0072649D /* MaskViewController.h */,
				8B8020C622C5F46D0072649D /* MaskViewController.m */,
				8B8020C722C5F46D0072649D /* MaskViewController.xib */,
				8B8020CA22C994200072649D /* FilterViewController.h */,
				8B8020CB22C994200072649D /* FilterViewController.m */,
				8B8020CC22C994200072649D /* FilterViewController.xib */,
				8B8020CF22C99DEE0072649D /* OpacityViewController.h */,
				8B8020D022C99DEE0072649D /* OpacityViewController.m */,
			);
			path = "视觉效果";
			sourceTree = "<group>";
		};
		8B8020D422C9E2430072649D /* 变换 */ = {
			isa = PBXGroup;
			children = (
				8B8020D522C9E2610072649D /* TransformViewController.h */,
				8B8020D622C9E2610072649D /* TransformViewController.m */,
				8B8020D722C9E2610072649D /* TransformViewController.xib */,
				8B8020DA22C9EB8D0072649D /* Transform3DViewController.h */,
				8B8020DB22C9EB8D0072649D /* Transform3DViewController.m */,
				8B8020DC22C9EB8D0072649D /* Transform3DViewController.xib */,
				8B8020DF22C9F5600072649D /* TransformFacesViewController.h */,
				8B8020E022C9F5600072649D /* TransformFacesViewController.m */,
				8B8020E122C9F5600072649D /* TransformFacesViewController.xib */,
			);
			path = "变换";
			sourceTree = "<group>";
		};
		8B8020E422CA03DF0072649D /* 专用图层 */ = {
			isa = PBXGroup;
			children = (
				8B8020E522CA041B0072649D /* CAShapeLayerViewController.h */,
				8B8020E622CA041B0072649D /* CAShapeLayerViewController.m */,
				8B8020E722CA041B0072649D /* CAShapeLayerViewController.xib */,
				8B8020EA22CAE9EF0072649D /* CATextLayerViewController.h */,
				8B8020EB22CAE9EF0072649D /* CATextLayerViewController.m */,
				8B8020EC22CAE9EF0072649D /* CATextLayerViewController.xib */,
				8B8020EF22CB06520072649D /* CATransformLayerViewController.h */,
				8B8020F022CB06520072649D /* CATransformLayerViewController.m */,
				8B8020F122CB06520072649D /* CATransformLayerViewController.xib */,
				8B8020F422CB49020072649D /* CAGradientLayerViewController.h */,
				8B8020F522CB49020072649D /* CAGradientLayerViewController.m */,
				8B8020F622CB49020072649D /* CAGradientLayerViewController.xib */,
				8B8020F922CB52EC0072649D /* CAReplicatorLayerViewController.h */,
				8B8020FA22CB52EC0072649D /* CAReplicatorLayerViewController.m */,
				8B8020FB22CB52EC0072649D /* CAReplicatorLayerViewController.xib */,
				8B8020FE22CB58E80072649D /* CAReplicatorLayerView.h */,
				8B8020FF22CB58E80072649D /* CAReplicatorLayerView.m */,
				8B10CFE422CC93E400D92300 /* CAScrollLayerViewController.h */,
				8B10CFE522CC93E400D92300 /* CAScrollLayerViewController.m */,
				8B10CFE622CC93E400D92300 /* CAScrollLayerViewController.xib */,
				8B10CFE922CC940200D92300 /* CAScrollLayerView.h */,
				8B10CFEA22CC940200D92300 /* CAScrollLayerView.m */,
				8B10CFEC22CC9BEA00D92300 /* CATiledLayerViewController.h */,
				8B10CFED22CC9BEA00D92300 /* CATiledLayerViewController.m */,
				8B10CFEE22CC9BEA00D92300 /* CATiledLayerViewController.xib */,
				8B10CFF122CDDFB600D92300 /* CAEmitterLayerViewController.h */,
				8B10CFF222CDDFB600D92300 /* CAEmitterLayerViewController.m */,
				8B10CFF322CDDFB600D92300 /* CAEmitterLayerViewController.xib */,
			);
			path = "专用图层";
			sourceTree = "<group>";
		};
		8B8F7DB6215F67A600628A9B = {
			isa = PBXGroup;
			children = (
				8B8F7DC1215F67A600628A9B /* LearnCoreAnimation */,
				8B8F7DC0215F67A600628A9B /* Products */,
				8B8F7DD8215F67EE00628A9B /* Frameworks */,
			);
			sourceTree = "<group>";
		};
		8B8F7DC0215F67A600628A9B /* Products */ = {
			isa = PBXGroup;
			children = (
				8B8F7DBF215F67A600628A9B /* LearnCoreAnimation.app */,
			);
			name = Products;
			sourceTree = "<group>";
		};
		8B8F7DC1215F67A600628A9B /* LearnCoreAnimation */ = {
			isa = PBXGroup;
			children = (
				8B8F7DCB215F67A600628A9B /* Assets.xcassets */,
				8B8F7DC2215F67A600628A9B /* AppDelegate.h */,
				8B8F7DC3215F67A600628A9B /* AppDelegate.m */,
				8B801ED222C4ADC70072649D /* RootViewViewController.h */,
				8B801ED322C4ADC70072649D /* RootViewViewController.m */,
				8B801ED522C4AFC70072649D /* 寄宿图 */,
				8B801ED622C4B2230072649D /* 图层几何学 */,
				8B8020BA22C599B90072649D /* 视觉效果 */,
				8B8020D422C9E2430072649D /* 变换 */,
				8B8020E422CA03DF0072649D /* 专用图层 */,
				8B10CFF722CDF05800D92300 /* 隐式动画 */,
				8BBBCCA822D331160071AB85 /* 显式动画 */,
				8B8F7DC8215F67A600628A9B /* Main.storyboard */,
				8B8F7DCD215F67A600628A9B /* LaunchScreen.storyboard */,
				8B8F7DD0215F67A600628A9B /* Info.plist */,
				8B8F7DD1215F67A600628A9B /* main.m */,
			);
			path = LearnCoreAnimation;
			sourceTree = "<group>";
		};
		8B8F7DD8215F67EE00628A9B /* Frameworks */ = {
			isa = PBXGroup;
			children = (
				8B8F7DD9215F67EE00628A9B /* QuartzCore.framework */,
			);
			name = Frameworks;
			sourceTree = "<group>";
		};
		8BBBCCA822D331160071AB85 /* 显式动画 */ = {
			isa = PBXGroup;
			children = (
				8BA8BD4B22D331BA0033F2E1 /* PropertyViewController.h */,
				8BA8BD4C22D331BA0033F2E1 /* PropertyViewController.m */,
				8BA8BD4D22D331BA0033F2E1 /* PropertyViewController.xib */,
				8BA8BD5022D33C4F0033F2E1 /* CAKeyframeAnimationViewController.h */,
				8BA8BD5122D33C4F0033F2E1 /* CAKeyframeAnimationViewController.m */,
				8BA8BD5222D33C4F0033F2E1 /* CAKeyframeAnimationViewController.xib */,
				8BA8BD5522D41F540033F2E1 /* Transform_RotationViewController.h */,
				8BA8BD5622D41F540033F2E1 /* Transform_RotationViewController.m */,
				8BA8BD5722D41F540033F2E1 /* Transform_RotationViewController.xib */,
				8BA8BD5A22D428850033F2E1 /* GroupViewController.h */,
				8BA8BD5B22D428850033F2E1 /* GroupViewController.m */,
				8BA8BD5C22D428850033F2E1 /* GroupViewController.xib */,
			);
			path = "显式动画";
			sourceTree = "<group>";
		};
/* End PBXGroup section */

/* Begin PBXNativeTarget section */
		8B8F7DBE215F67A600628A9B /* LearnCoreAnimation */ = {
			isa = PBXNativeTarget;
			buildConfigurationList = 8B8F7DD5215F67A600628A9B /* Build configuration list for PBXNativeTarget "LearnCoreAnimation" */;
			buildPhases = (
				8B8F7DBB215F67A600628A9B /* Sources */,
				8B8F7DBC215F67A600628A9B /* Frameworks */,
				8B8F7DBD215F67A600628A9B /* Resources */,
			);
			buildRules = (
			);
			dependencies = (
			);
			name = LearnCoreAnimation;
			productName = LearnCoreAnimation;
			productReference = 8B8F7DBF215F67A600628A9B /* LearnCoreAnimation.app */;
			productType = "com.apple.product-type.application";
		};
/* End PBXNativeTarget section */

/* Begin PBXProject section */
		8B8F7DB7215F67A600628A9B /* Project object */ = {
			isa = PBXProject;
			attributes = {
				LastUpgradeCheck = 0940;
				ORGANIZATIONNAME = Yunis;
				TargetAttributes = {
					8B8F7DBE215F67A600628A9B = {
						CreatedOnToolsVersion = 9.4.1;
					};
				};
			};
			buildConfigurationList = 8B8F7DBA215F67A600628A9B /* Build configuration list for PBXProject "LearnCoreAnimation" */;
			compatibilityVersion = "Xcode 9.3";
			developmentRegion = en;
			hasScannedForEncodings = 0;
			knownRegions = (
				en,
				Base,
			);
			mainGroup = 8B8F7DB6215F67A600628A9B;
			productRefGroup = 8B8F7DC0215F67A600628A9B /* Products */;
			projectDirPath = "";
			projectRoot = "";
			targets = (
				8B8F7DBE215F67A600628A9B /* LearnCoreAnimation */,
			);
		};
/* End PBXProject section */

/* Begin PBXResourcesBuildPhase section */
		8B8F7DBD215F67A600628A9B /* Resources */ = {
			isa = PBXResourcesBuildPhase;
			buildActionMask = 2147483647;
			files = (
				8BA8BD5E22D428850033F2E1 /* GroupViewController.xib in Resources */,
				8B8020F822CB49030072649D /* CAGradientLayerViewController.xib in Resources */,
				8B10CFE822CC93E400D92300 /* CAScrollLayerViewController.xib in Resources */,
				8BBBCCA722D2ECD50071AB85 /* LayerActionViewController.xib in Resources */,
				8B10CFF022CC9BEA00D92300 /* CATiledLayerViewController.xib in Resources */,
				8B8020E322C9F5600072649D /* TransformFacesViewController.xib in Resources */,
				8B8020EE22CAE9EF0072649D /* CATextLayerViewController.xib in Resources */,
				8B8020BF22C5A33D0072649D /* RadiusViewController.xib in Resources */,
				8B8020D922C9E2610072649D /* TransformViewController.xib in Resources */,
				8BA8BD5922D41F540033F2E1 /* Transform_RotationViewController.xib in Resources */,
				8B8020FD22CB52ED0072649D /* CAReplicatorLayerViewController.xib in Resources */,
				8B8020F322CB06520072649D /* CATransformLayerViewController.xib in Resources */,
				8B8020B922C4BCF50072649D /* HitTestViewController.xib in Resources */,
				8B8020E922CA041B0072649D /* CAShapeLayerViewController.xib in Resources */,
				8B8020C922C5F46D0072649D /* MaskViewController.xib in Resources */,
				8B10CFFC22CDF1DB00D92300 /* AnimationViewController.xib in Resources */,
				8B801EDB22C4B2430072649D /* LockViewController.xib in Resources */,
				8BA8BD4F22D331BA0033F2E1 /* PropertyViewController.xib in Resources */,
				8B8F7DCF215F67A600628A9B /* LaunchScreen.storyboard in Resources */,
				8B10CFF522CDDFB600D92300 /* CAEmitterLayerViewController.xib in Resources */,
				8B8020DE22C9EB8D0072649D /* Transform3DViewController.xib in Resources */,
				8B8F7DCC215F67A600628A9B /* Assets.xcassets in Resources */,
				8B8F7DCA215F67A600628A9B /* Main.storyboard in Resources */,
				8BA8BD5422D33C4F0033F2E1 /* CAKeyframeAnimationViewController.xib in Resources */,
				8B8020CE22C994200072649D /* FilterViewController.xib in Resources */,
				8B8020C422C5A5480072649D /* BorderViewController.xib in Resources */,
			);
			runOnlyForDeploymentPostprocessing = 0;
		};
/* End PBXResourcesBuildPhase section */

/* Begin PBXSourcesBuildPhase section */
		8B8F7DBB215F67A600628A9B /* Sources */ = {
			isa = PBXSourcesBuildPhase;
			buildActionMask = 2147483647;
			files = (
				8B8020C822C5F46D0072649D /* MaskViewController.m in Sources */,
				8B8020FC22CB52ED0072649D /* CAReplicatorLayerViewController.m in Sources */,
				8B8020F222CB06520072649D /* CATransformLayerViewController.m in Sources */,
				8B10CFEB22CC940200D92300 /* CAScrollLayerView.m in Sources */,
				8B8020BE22C5A33D0072649D /* RadiusViewController.m in Sources */,
				8B8020CD22C994200072649D /* FilterViewController.m in Sources */,
				8B8020DD22C9EB8D0072649D /* Transform3DViewController.m in Sources */,
				8BA8BD5822D41F540033F2E1 /* Transform_RotationViewController.m in Sources */,
				8B10CFE722CC93E400D92300 /* CAScrollLayerViewController.m in Sources */,
				8B8020D822C9E2610072649D /* TransformViewController.m in Sources */,
				8BA8BD5322D33C4F0033F2E1 /* CAKeyframeAnimationViewController.m in Sources */,
				8B8020E822CA041B0072649D /* CAShapeLayerViewController.m in Sources */,
				8B10CFEF22CC9BEA00D92300 /* CATiledLayerViewController.m in Sources */,
				8B10CFF422CDDFB600D92300 /* CAEmitterLayerViewController.m in Sources */,
				8B10CFFB22CDF1DB00D92300 /* AnimationViewController.m in Sources */,
				8B8020B822C4BCF50072649D /* HitTestViewController.m in Sources */,
				8B801ED422C4ADC70072649D /* RootViewViewController.m in Sources */,
				8B801EDA22C4B2430072649D /* LockViewController.m in Sources */,
				8BA8BD5D22D428850033F2E1 /* GroupViewController.m in Sources */,
				8B80210022CB58E80072649D /* CAReplicatorLayerView.m in Sources */,
				8B8F7DC7215F67A600628A9B /* ViewController.m in Sources */,
				8B8F7DD2215F67A600628A9B /* main.m in Sources */,
				8B8020ED22CAE9EF0072649D /* CATextLayerViewController.m in Sources */,
				8B8F7DC4215F67A600628A9B /* AppDelegate.m in Sources */,
				8B8020C322C5A5480072649D /* BorderViewController.m in Sources */,
				8BBBCCA622D2ECD50071AB85 /* LayerActionViewController.m in Sources */,
				8B8020E222C9F5600072649D /* TransformFacesViewController.m in Sources */,
				8B8020F722CB49030072649D /* CAGradientLayerViewController.m in Sources */,
				8BA8BD4E22D331BA0033F2E1 /* PropertyViewController.m in Sources */,
				8B8020D222C99DEE0072649D /* OpacityViewController.m in Sources */,
			);
			runOnlyForDeploymentPostprocessing = 0;
		};
/* End PBXSourcesBuildPhase section */

/* Begin PBXVariantGroup section */
		8B8F7DC8215F67A600628A9B /* Main.storyboard */ = {
			isa = PBXVariantGroup;
			children = (
				8B8F7DC9215F67A600628A9B /* Base */,
			);
			name = Main.storyboard;
			sourceTree = "<group>";
		};
		8B8F7DCD215F67A600628A9B /* LaunchScreen.storyboard */ = {
			isa = PBXVariantGroup;
			children = (
				8B8F7DCE215F67A600628A9B /* Base */,
			);
			name = LaunchScreen.storyboard;
			sourceTree = "<group>";
		};
/* End PBXVariantGroup section */

/* Begin XCBuildConfiguration section */
		8B8F7DD3215F67A600628A9B /* Debug */ = {
			isa = XCBuildConfiguration;
			buildSettings = {
				ALWAYS_SEARCH_USER_PATHS = NO;
				CLANG_ANALYZER_NONNULL = YES;
				CLANG_ANALYZER_NUMBER_OBJECT_CONVERSION = YES_AGGRESSIVE;
				CLANG_CXX_LANGUAGE_STANDARD = "gnu++14";
				CLANG_CXX_LIBRARY = "libc++";
				CLANG_ENABLE_MODULES = YES;
				CLANG_ENABLE_OBJC_ARC = YES;
				CLANG_ENABLE_OBJC_WEAK = YES;
				CLANG_WARN_BLOCK_CAPTURE_AUTORELEASING = YES;
				CLANG_WARN_BOOL_CONVERSION = YES;
				CLANG_WARN_COMMA = YES;
				CLANG_WARN_CONSTANT_CONVERSION = YES;
				CLANG_WARN_DEPRECATED_OBJC_IMPLEMENTATIONS = YES;
				CLANG_WARN_DIRECT_OBJC_ISA_USAGE = YES_ERROR;
				CLANG_WARN_DOCUMENTATION_COMMENTS = YES;
				CLANG_WARN_EMPTY_BODY = YES;
				CLANG_WARN_ENUM_CONVERSION = YES;
				CLANG_WARN_INFINITE_RECURSION = YES;
				CLANG_WARN_INT_CONVERSION = YES;
				CLANG_WARN_NON_LITERAL_NULL_CONVERSION = YES;
				CLANG_WARN_OBJC_IMPLICIT_RETAIN_SELF = YES;
				CLANG_WARN_OBJC_LITERAL_CONVERSION = YES;
				CLANG_WARN_OBJC_ROOT_CLASS = YES_ERROR;
				CLANG_WARN_RANGE_LOOP_ANALYSIS = YES;
				CLANG_WARN_STRICT_PROTOTYPES = YES;
				CLANG_WARN_SUSPICIOUS_MOVE = YES;
				CLANG_WARN_UNGUARDED_AVAILABILITY = YES_AGGRESSIVE;
				CLANG_WARN_UNREACHABLE_CODE = YES;
				CLANG_WARN__DUPLICATE_METHOD_MATCH = YES;
				CODE_SIGN_IDENTITY = "iPhone Developer";
				COPY_PHASE_STRIP = NO;
				DEBUG_INFORMATION_FORMAT = dwarf;
				ENABLE_STRICT_OBJC_MSGSEND = YES;
				ENABLE_TESTABILITY = YES;
				GCC_C_LANGUAGE_STANDARD = gnu11;
				GCC_DYNAMIC_NO_PIC = NO;
				GCC_NO_COMMON_BLOCKS = YES;
				GCC_OPTIMIZATION_LEVEL = 0;
				GCC_PREPROCESSOR_DEFINITIONS = (
					"DEBUG=1",
					"$(inherited)",
				);
				GCC_WARN_64_TO_32_BIT_CONVERSION = YES;
				GCC_WARN_ABOUT_RETURN_TYPE = YES_ERROR;
				GCC_WARN_UNDECLARED_SELECTOR = YES;
				GCC_WARN_UNINITIALIZED_AUTOS = YES_AGGRESSIVE;
				GCC_WARN_UNUSED_FUNCTION = YES;
				GCC_WARN_UNUSED_VARIABLE = YES;
				IPHONEOS_DEPLOYMENT_TARGET = 11.4;
				MTL_ENABLE_DEBUG_INFO = YES;
				ONLY_ACTIVE_ARCH = YES;
				SDKROOT = iphoneos;
			};
			name = Debug;
		};
		8B8F7DD4215F67A600628A9B /* Release */ = {
			isa = XCBuildConfiguration;
			buildSettings = {
				ALWAYS_SEARCH_USER_PATHS = NO;
				CLANG_ANALYZER_NONNULL = YES;
				CLANG_ANALYZER_NUMBER_OBJECT_CONVERSION = YES_AGGRESSIVE;
				CLANG_CXX_LANGUAGE_STANDARD = "gnu++14";
				CLANG_CXX_LIBRARY = "libc++";
				CLANG_ENABLE_MODULES = YES;
				CLANG_ENABLE_OBJC_ARC = YES;
				CLANG_ENABLE_OBJC_WEAK = YES;
				CLANG_WARN_BLOCK_CAPTURE_AUTORELEASING = YES;
				CLANG_WARN_BOOL_CONVERSION = YES;
				CLANG_WARN_COMMA = YES;
				CLANG_WARN_CONSTANT_CONVERSION = YES;
				CLANG_WARN_DEPRECATED_OBJC_IMPLEMENTATIONS = YES;
				CLANG_WARN_DIRECT_OBJC_ISA_USAGE = YES_ERROR;
				CLANG_WARN_DOCUMENTATION_COMMENTS = YES;
				CLANG_WARN_EMPTY_BODY = YES;
				CLANG_WARN_ENUM_CONVERSION = YES;
				CLANG_WARN_INFINITE_RECURSION = YES;
				CLANG_WARN_INT_CONVERSION = YES;
				CLANG_WARN_NON_LITERAL_NULL_CONVERSION = YES;
				CLANG_WARN_OBJC_IMPLICIT_RETAIN_SELF = YES;
				CLANG_WARN_OBJC_LITERAL_CONVERSION = YES;
				CLANG_WARN_OBJC_ROOT_CLASS = YES_ERROR;
				CLANG_WARN_RANGE_LOOP_ANALYSIS = YES;
				CLANG_WARN_STRICT_PROTOTYPES = YES;
				CLANG_WARN_SUSPICIOUS_MOVE = YES;
				CLANG_WARN_UNGUARDED_AVAILABILITY = YES_AGGRESSIVE;
				CLANG_WARN_UNREACHABLE_CODE = YES;
				CLANG_WARN__DUPLICATE_METHOD_MATCH = YES;
				CODE_SIGN_IDENTITY = "iPhone Developer";
				COPY_PHASE_STRIP = NO;
				DEBUG_INFORMATION_FORMAT = "dwarf-with-dsym";
				ENABLE_NS_ASSERTIONS = NO;
				ENABLE_STRICT_OBJC_MSGSEND = YES;
				GCC_C_LANGUAGE_STANDARD = gnu11;
				GCC_NO_COMMON_BLOCKS = YES;
				GCC_WARN_64_TO_32_BIT_CONVERSION = YES;
				GCC_WARN_ABOUT_RETURN_TYPE = YES_ERROR;
				GCC_WARN_UNDECLARED_SELECTOR = YES;
				GCC_WARN_UNINITIALIZED_AUTOS = YES_AGGRESSIVE;
				GCC_WARN_UNUSED_FUNCTION = YES;
				GCC_WARN_UNUSED_VARIABLE = YES;
				IPHONEOS_DEPLOYMENT_TARGET = 11.4;
				MTL_ENABLE_DEBUG_INFO = NO;
				SDKROOT = iphoneos;
				VALIDATE_PRODUCT = YES;
			};
			name = Release;
		};
		8B8F7DD6215F67A600628A9B /* Debug */ = {
			isa = XCBuildConfiguration;
			buildSettings = {
				ASSETCATALOG_COMPILER_APPICON_NAME = AppIcon;
				CODE_SIGN_STYLE = Manual;
				DEVELOPMENT_TEAM = 8WJECGX48J;
				INFOPLIST_FILE = LearnCoreAnimation/Info.plist;
				IPHONEOS_DEPLOYMENT_TARGET = 10.0;
				LD_RUNPATH_SEARCH_PATHS = (
					"$(inherited)",
					"@executable_path/Frameworks",
				);
				PRODUCT_BUNDLE_IDENTIFIER = com.yunis.demo.LearnCoreAnimation;
				PRODUCT_NAME = "$(TARGET_NAME)";
				PROVISIONING_PROFILE_SPECIFIER = "Any ID can be used";
				TARGETED_DEVICE_FAMILY = "1,2";
			};
			name = Debug;
		};
		8B8F7DD7215F67A600628A9B /* Release */ = {
			isa = XCBuildConfiguration;
			buildSettings = {
				ASSETCATALOG_COMPILER_APPICON_NAME = AppIcon;
				CODE_SIGN_STYLE = Manual;
				DEVELOPMENT_TEAM = 8WJECGX48J;
				INFOPLIST_FILE = LearnCoreAnimation/Info.plist;
				IPHONEOS_DEPLOYMENT_TARGET = 10.0;
				LD_RUNPATH_SEARCH_PATHS = (
					"$(inherited)",
					"@executable_path/Frameworks",
				);
				PRODUCT_BUNDLE_IDENTIFIER = com.yunis.demo.LearnCoreAnimation;
				PRODUCT_NAME = "$(TARGET_NAME)";
				PROVISIONING_PROFILE_SPECIFIER = "Any ID can be used";
				TARGETED_DEVICE_FAMILY = "1,2";
			};
			name = Release;
		};
/* End XCBuildConfiguration section */

/* Begin XCConfigurationList section */
		8B8F7DBA215F67A600628A9B /* Build configuration list for PBXProject "LearnCoreAnimation" */ = {
			isa = XCConfigurationList;
			buildConfigurations = (
				8B8F7DD3215F67A600628A9B /* Debug */,
				8B8F7DD4215F67A600628A9B /* Release */,
			);
			defaultConfigurationIsVisible = 0;
			defaultConfigurationName = Release;
		};
		8B8F7DD5215F67A600628A9B /* Build configuration list for PBXNativeTarget "LearnCoreAnimation" */ = {
			isa = XCConfigurationList;
			buildConfigurations = (
				8B8F7DD6215F67A600628A9B /* Debug */,
				8B8F7DD7215F67A600628A9B /* Release */,
			);
			defaultConfigurationIsVisible = 0;
			defaultConfigurationName = Release;
		};
/* End XCConfigurationList section */
	};
	rootObject = 8B8F7DB7215F67A600628A9B /* Project object */;
}
